
Microsoft Visual Studio Solution File, Format Version 12.00
# Visual Studio Version 17
VisualStudioVersion = 17.9.34622.214
MinimumVisualStudioVersion = 10.0.40219.1
Project("{FAE04EC0-301F-11D3-BF4B-00C04F79EFBC}") = "MyExtraHomeWorks", "..\..\ExtraHomeWorks\MyExtraHomeWorks\MyExtraHomeWorks\MyExtraHomeWorks.csproj", "{420AABFC-387C-40A1-8E38-7DDCB884CC6D}"
EndProject
Global
	GlobalSection(SolutionConfigurationPlatforms) = preSolution
		Debug|Any CPU = Debug|Any CPU
		Release|Any CPU = Release|Any CPU
	EndGlobalSection
	GlobalSection(ProjectConfigurationPlatforms) = postSolution
		{420AABFC-387C-40A1-8E38-7DDCB884CC6D}.Debug|Any CPU.ActiveCfg = Debug|Any CPU
		{420AABFC-387C-40A1-8E38-7DDCB884CC6D}.Debug|Any CPU.Build.0 = Debug|Any CPU
		{420AABFC-387C-40A1-8E38-7DDCB884CC6D}.Release|Any CPU.ActiveCfg = Release|Any CPU
		{420AABFC-387C-40A1-8E38-7DDCB884CC6D}.Release|Any CPU.Build.0 = Release|Any CPU
	EndGlobalSection
	GlobalSection(SolutionProperties) = preSolution
		HideSolutionNode = FALSE
	EndGlobalSection
	GlobalSection(ExtensibilityGlobals) = postSolution
		SolutionGuid = {704E3A0A-9EB1-4FEA-97ED-DD7761C40FAD}
	EndGlobalSection
EndGlobal
